
Microsoft Visual Studio Solution File, Format Version 12.00
# Visual Studio Version 16
VisualStudioVersion = 16.0.30225.117
MinimumVisualStudioVersion = 10.0.40219.1
Project("{FAE04EC0-301F-11D3-BF4B-00C04F79EFBC}") = "pesquisa", "pesquisa.csproj", "{0B57086B-DBE3-443E-A8D9-3679D151AA92}"
EndProject
Global
	GlobalSection(SolutionConfigurationPlatforms) = preSolution
		Debug|Any CPU = Debug|Any CPU
		Release|Any CPU = Release|Any CPU
	EndGlobalSection
	GlobalSection(ProjectConfigurationPlatforms) = postSolution
		{0B57086B-DBE3-443E-A8D9-3679D151AA92}.Debug|Any CPU.ActiveCfg = Debug|Any CPU
		{0B57086B-DBE3-443E-A8D9-3679D151AA92}.Debug|Any CPU.Build.0 = Debug|Any CPU
		{0B57086B-DBE3-443E-A8D9-3679D151AA92}.Release|Any CPU.ActiveCfg = Release|Any CPU
		{0B57086B-DBE3-443E-A8D9-3679D151AA92}.Release|Any CPU.Build.0 = Release|Any CPU
	EndGlobalSection
	GlobalSection(SolutionProperties) = preSolution
		HideSolutionNode = FALSE
	EndGlobalSection
	GlobalSection(ExtensibilityGlobals) = postSolution
		SolutionGuid = {B974765B-4A36-4A8C-BDB6-EB5F0F442E16}
	EndGlobalSection
EndGlobal
